
Microsoft Visual Studio Solution File, Format Version 12.00
# Visual Studio Version 17
VisualStudioVersion = 17.5.002.0
MinimumVisualStudioVersion = 10.0.40219.1
Project("{9A19103F-16F7-4668-BE54-9A1E7A4F7556}") = "Troco", "Troco.csproj", "{305DA597-BB0E-43ED-B3A0-DE9204F63144}"
EndProject
Global
	GlobalSection(SolutionConfigurationPlatforms) = preSolution
		Debug|Any CPU = Debug|Any CPU
		Release|Any CPU = Release|Any CPU
	EndGlobalSection
	GlobalSection(ProjectConfigurationPlatforms) = postSolution
		{305DA597-BB0E-43ED-B3A0-DE9204F63144}.Debug|Any CPU.ActiveCfg = Debug|Any CPU
		{305DA597-BB0E-43ED-B3A0-DE9204F63144}.Debug|Any CPU.Build.0 = Debug|Any CPU
		{305DA597-BB0E-43ED-B3A0-DE9204F63144}.Release|Any CPU.ActiveCfg = Release|Any CPU
		{305DA597-BB0E-43ED-B3A0-DE9204F63144}.Release|Any CPU.Build.0 = Release|Any CPU
	EndGlobalSection
	GlobalSection(SolutionProperties) = preSolution
		HideSolutionNode = FALSE
	EndGlobalSection
	GlobalSection(ExtensibilityGlobals) = postSolution
		SolutionGuid = {42807DBC-6376-4545-833F-C707C4DCF32D}
	EndGlobalSection
EndGlobal
